// !$*UTF8*$!
{
	archiveVersion = 1;
	classes = {
	};
	objectVersion = 50;
	objects = {

/* Begin PBXBuildFile section */
		D0AA2CA72414094C0041B3C1 /* AppDelegate.m in Sources */ = {isa = PBXBuildFile; fileRef = D0AA2CA62414094C0041B3C1 /* AppDelegate.m */; };
		D0AA2CAA2414094C0041B3C1 /* SceneDelegate.m in Sources */ = {isa = PBXBuildFile; fileRef = D0AA2CA92414094C0041B3C1 /* SceneDelegate.m */; };
		D0AA2CB02414094C0041B3C1 /* Main.storyboard in Resources */ = {isa = PBXBuildFile; fileRef = D0AA2CAE2414094C0041B3C1 /* Main.storyboard */; };
		D0AA2CB22414094C0041B3C1 /* Assets.xcassets in Resources */ = {isa = PBXBuildFile; fileRef = D0AA2CB12414094C0041B3C1 /* Assets.xcassets */; };
		D0AA2CB52414094C0041B3C1 /* LaunchScreen.storyboard in Resources */ = {isa = PBXBuildFile; fileRef = D0AA2CB32414094C0041B3C1 /* LaunchScreen.storyboard */; };
		D0AA2CB82414094C0041B3C1 /* main.m in Sources */ = {isa = PBXBuildFile; fileRef = D0AA2CB72414094C0041B3C1 /* main.m */; };
		D0AA2CBF24140ADA0041B3C1 /* grid.png in Resources */ = {isa = PBXBuildFile; fileRef = D0AA2CBE24140ADA0041B3C1 /* grid.png */; };
		D0AA2CC224140BF80041B3C1 /* MyUIButton.m in Sources */ = {isa = PBXBuildFile; fileRef = D0AA2CC124140BF80041B3C1 /* MyUIButton.m */; };
		D0AA2CC524140C4D0041B3C1 /* GameViewController.m in Sources */ = {isa = PBXBuildFile; fileRef = D0AA2CC424140C4D0041B3C1 /* GameViewController.m */; };
		D0AA2CC824140E7C0041B3C1 /* Game.m in Sources */ = {isa = PBXBuildFile; fileRef = D0AA2CC724140E7C0041B3C1 /* Game.m */; };
/* End PBXBuildFile section */

/* Begin PBXFileReference section */
		D0AA2CA22414094C0041B3C1 /* Tic-Tac-Toe.app */ = {isa = PBXFileReference; explicitFileType = wrapper.application; includeInIndex = 0; path = "Tic-Tac-Toe.app"; sourceTree = BUILT_PRODUCTS_DIR; };
		D0AA2CA52414094C0041B3C1 /* AppDelegate.h */ = {isa = PBXFileReference; lastKnownFileType = sourcecode.c.h; path = AppDelegate.h; sourceTree = "<group>"; };
		D0AA2CA62414094C0041B3C1 /* AppDelegate.m */ = {isa = PBXFileReference; lastKnownFileType = sourcecode.c.objc; path = AppDelegate.m; sourceTree = "<group>"; };
		D0AA2CA82414094C0041B3C1 /* SceneDelegate.h */ = {isa = PBXFileReference; lastKnownFileType = sourcecode.c.h; path = SceneDelegate.h; sourceTree = "<group>"; };
		D0AA2CA92414094C0041B3C1 /* SceneDelegate.m */ = {isa = PBXFileReference; lastKnownFileType = sourcecode.c.objc; path = SceneDelegate.m; sourceTree = "<group>"; };
		D0AA2CAF2414094C0041B3C1 /* Base */ = {isa = PBXFileReference; lastKnownFileType = file.storyboard; name = Base; path = Base.lproj/Main.storyboard; sourceTree = "<group>"; };
		D0AA2CB12414094C0041B3C1 /* Assets.xcassets */ = {isa = PBXFileReference; lastKnownFileType = folder.assetcatalog; path = Assets.xcassets; sourceTree = "<group>"; };
		D0AA2CB42414094C0041B3C1 /* Base */ = {isa = PBXFileReference; lastKnownFileType = file.storyboard; name = Base; path = Base.lproj/LaunchScreen.storyboard; sourceTree = "<group>"; };
		D0AA2CB62414094C0041B3C1 /* Info.plist */ = {isa = PBXFileReference; lastKnownFileType = text.plist.xml; path = Info.plist; sourceTree = "<group>"; };
		D0AA2CB72414094C0041B3C1 /* main.m */ = {isa = PBXFileReference; lastKnownFileType = sourcecode.c.objc; path = main.m; sourceTree = "<group>"; };
		D0AA2CBE24140ADA0041B3C1 /* grid.png */ = {isa = PBXFileReference; lastKnownFileType = image.png; path = grid.png; sourceTree = "<group>"; };
		D0AA2CC024140BF80041B3C1 /* MyUIButton.h */ = {isa = PBXFileReference; lastKnownFileType = sourcecode.c.h; path = MyUIButton.h; sourceTree = "<group>"; };
		D0AA2CC124140BF80041B3C1 /* MyUIButton.m */ = {isa = PBXFileReference; lastKnownFileType = sourcecode.c.objc; path = MyUIButton.m; sourceTree = "<group>"; };
		D0AA2CC324140C4D0041B3C1 /* GameViewController.h */ = {isa = PBXFileReference; lastKnownFileType = sourcecode.c.h; path = GameViewController.h; sourceTree = "<group>"; };
		D0AA2CC424140C4D0041B3C1 /* GameViewController.m */ = {isa = PBXFileReference; lastKnownFileType = sourcecode.c.objc; path = GameViewController.m; sourceTree = "<group>"; };
		D0AA2CC624140E7C0041B3C1 /* Game.h */ = {isa = PBXFileReference; lastKnownFileType = sourcecode.c.h; path = Game.h; sourceTree = "<group>"; };
		D0AA2CC724140E7C0041B3C1 /* Game.m */ = {isa = PBXFileReference; lastKnownFileType = sourcecode.c.objc; path = Game.m; sourceTree = "<group>"; };
/* End PBXFileReference section */

/* Begin PBXFrameworksBuildPhase section */
		D0AA2C9F2414094B0041B3C1 /* Frameworks */ = {
			isa = PBXFrameworksBuildPhase;
			buildActionMask = 2147483647;
			files = (
			);
			runOnlyForDeploymentPostprocessing = 0;
		};
/* End PBXFrameworksBuildPhase section */

/* Begin PBXGroup section */
		D0AA2C992414094B0041B3C1 = {
			isa = PBXGroup;
			children = (
				D0AA2CA42414094C0041B3C1 /* Tic-Tac-Toe */,
				D0AA2CA32414094C0041B3C1 /* Products */,
			);
			sourceTree = "<group>";
		};
		D0AA2CA32414094C0041B3C1 /* Products */ = {
			isa = PBXGroup;
			children = (
				D0AA2CA22414094C0041B3C1 /* Tic-Tac-Toe.app */,
			);
			name = Products;
			sourceTree = "<group>";
		};
		D0AA2CA42414094C0041B3C1 /* Tic-Tac-Toe */ = {
			isa = PBXGroup;
			children = (
				D0AA2CA52414094C0041B3C1 /* AppDelegate.h */,
				D0AA2CA62414094C0041B3C1 /* AppDelegate.m */,
				D0AA2CA82414094C0041B3C1 /* SceneDelegate.h */,
				D0AA2CA92414094C0041B3C1 /* SceneDelegate.m */,
				D0AA2CAE2414094C0041B3C1 /* Main.storyboard */,
				D0AA2CC324140C4D0041B3C1 /* GameViewController.h */,
				D0AA2CC424140C4D0041B3C1 /* GameViewController.m */,
				D0AA2CC624140E7C0041B3C1 /* Game.h */,
				D0AA2CC724140E7C0041B3C1 /* Game.m */,
				D0AA2CC024140BF80041B3C1 /* MyUIButton.h */,
				D0AA2CC124140BF80041B3C1 /* MyUIButton.m */,
				D0AA2CB12414094C0041B3C1 /* Assets.xcassets */,
				D0AA2CB32414094C0041B3C1 /* LaunchScreen.storyboard */,
				D0AA2CB62414094C0041B3C1 /* Info.plist */,
				D0AA2CB72414094C0041B3C1 /* main.m */,
				D0AA2CBE24140ADA0041B3C1 /* grid.png */,
			);
			path = "Tic-Tac-Toe";
			sourceTree = "<group>";
		};
/* End PBXGroup section */

/* Begin PBXNativeTarget section */
		D0AA2CA12414094B0041B3C1 /* Tic-Tac-Toe */ = {
			isa = PBXNativeTarget;
			buildConfigurationList = D0AA2CBB2414094C0041B3C1 /* Build configuration list for PBXNativeTarget "Tic-Tac-Toe" */;
			buildPhases = (
				D0AA2C9E2414094B0041B3C1 /* Sources */,
				D0AA2C9F2414094B0041B3C1 /* Frameworks */,
				D0AA2CA02414094B0041B3C1 /* Resources */,
			);
			buildRules = (
			);
			dependencies = (
			);
			name = "Tic-Tac-Toe";
			productName = "Tic-Tac-Toe";
			productReference = D0AA2CA22414094C0041B3C1 /* Tic-Tac-Toe.app */;
			productType = "com.apple.product-type.application";
		};
/* End PBXNativeTarget section */

/* Begin PBXProject section */
		D0AA2C9A2414094B0041B3C1 /* Project object */ = {
			isa = PBXProject;
			attributes = {
				LastUpgradeCheck = 1130;
				ORGANIZATIONNAME = iLtc;
				TargetAttributes = {
					D0AA2CA12414094B0041B3C1 = {
						CreatedOnToolsVersion = 11.3.1;
					};
				};
			};
			buildConfigurationList = D0AA2C9D2414094B0041B3C1 /* Build configuration list for PBXProject "Tic-Tac-Toe" */;
			compatibilityVersion = "Xcode 9.3";
			developmentRegion = en;
			hasScannedForEncodings = 0;
			knownRegions = (
				en,
				Base,
			);
			mainGroup = D0AA2C992414094B0041B3C1;
			productRefGroup = D0AA2CA32414094C0041B3C1 /* Products */;
			projectDirPath = "";
			projectRoot = "";
			targets = (
				D0AA2CA12414094B0041B3C1 /* Tic-Tac-Toe */,
			);
		};
/* End PBXProject section */

/* Begin PBXResourcesBuildPhase section */
		D0AA2CA02414094B0041B3C1 /* Resources */ = {
			isa = PBXResourcesBuildPhase;
			buildActionMask = 2147483647;
			files = (
				D0AA2CB52414094C0041B3C1 /* LaunchScreen.storyboard in Resources */,
				D0AA2CBF24140ADA0041B3C1 /* grid.png in Resources */,
				D0AA2CB22414094C0041B3C1 /* Assets.xcassets in Resources */,
				D0AA2CB02414094C0041B3C1 /* Main.storyboard in Resources */,
			);
			runOnlyForDeploymentPostprocessing = 0;
		};
/* End PBXResourcesBuildPhase section */

/* Begin PBXSourcesBuildPhase section */
		D0AA2C9E2414094B0041B3C1 /* Sources */ = {
			isa = PBXSourcesBuildPhase;
			buildActionMask = 2147483647;
			files = (
				D0AA2CA72414094C0041B3C1 /* AppDelegate.m in Sources */,
				D0AA2CC224140BF80041B3C1 /* MyUIButton.m in Sources */,
				D0AA2CB82414094C0041B3C1 /* main.m in Sources */,
				D0AA2CC524140C4D0041B3C1 /* GameViewController.m in Sources */,
				D0AA2CC824140E7C0041B3C1 /* Game.m in Sources */,
				D0AA2CAA2414094C0041B3C1 /* SceneDelegate.m in Sources */,
			);
			runOnlyForDeploymentPostprocessing = 0;
		};
/* End PBXSourcesBuildPhase section */

/* Begin PBXVariantGroup section */
		D0AA2CAE2414094C0041B3C1 /* Main.storyboard */ = {
			isa = PBXVariantGroup;
			children = (
				D0AA2CAF2414094C0041B3C1 /* Base */,
			);
			name = Main.storyboard;
			sourceTree = "<group>";
		};
		D0AA2CB32414094C0041B3C1 /* LaunchScreen.storyboard */ = {
			isa = PBXVariantGroup;
			children = (
				D0AA2CB42414094C0041B3C1 /* Base */,
			);
			name = LaunchScreen.storyboard;
			sourceTree = "<group>";
		};
/* End PBXVariantGroup section */

/* Begin XCBuildConfiguration section */
		D0AA2CB92414094C0041B3C1 /* Debug */ = {
			isa = XCBuildConfiguration;
			buildSettings = {
				ALWAYS_SEARCH_USER_PATHS = NO;
				CLANG_ANALYZER_NONNULL = YES;
				CLANG_ANALYZER_NUMBER_OBJECT_CONVERSION = YES_AGGRESSIVE;
				CLANG_CXX_LANGUAGE_STANDARD = "gnu++14";
				CLANG_CXX_LIBRARY = "libc++";
				CLANG_ENABLE_MODULES = YES;
				CLANG_ENABLE_OBJC_ARC = YES;
				CLANG_ENABLE_OBJC_WEAK = YES;
				CLANG_WARN_BLOCK_CAPTURE_AUTORELEASING = YES;
				CLANG_WARN_BOOL_CONVERSION = YES;
				CLANG_WARN_COMMA = YES;
				CLANG_WARN_CONSTANT_CONVERSION = YES;
				CLANG_WARN_DEPRECATED_OBJC_IMPLEMENTATIONS = YES;
				CLANG_WARN_DIRECT_OBJC_ISA_USAGE = YES_ERROR;
				CLANG_WARN_DOCUMENTATION_COMMENTS = YES;
				CLANG_WARN_EMPTY_BODY = YES;
				CLANG_WARN_ENUM_CONVERSION = YES;
				CLANG_WARN_INFINITE_RECURSION = YES;
				CLANG_WARN_INT_CONVERSION = YES;
				CLANG_WARN_NON_LITERAL_NULL_CONVERSION = YES;
				CLANG_WARN_OBJC_IMPLICIT_RETAIN_SELF = YES;
				CLANG_WARN_OBJC_LITERAL_CONVERSION = YES;
				CLANG_WARN_OBJC_ROOT_CLASS = YES_ERROR;
				CLANG_WARN_RANGE_LOOP_ANALYSIS = YES;
				CLANG_WARN_STRICT_PROTOTYPES = YES;
				CLANG_WARN_SUSPICIOUS_MOVE = YES;
				CLANG_WARN_UNGUARDED_AVAILABILITY = YES_AGGRESSIVE;
				CLANG_WARN_UNREACHABLE_CODE = YES;
				CLANG_WARN__DUPLICATE_METHOD_MATCH = YES;
				COPY_PHASE_STRIP = NO;
				DEBUG_INFORMATION_FORMAT = dwarf;
				ENABLE_STRICT_OBJC_MSGSEND = YES;
				ENABLE_TESTABILITY = YES;
				GCC_C_LANGUAGE_STANDARD = gnu11;
				GCC_DYNAMIC_NO_PIC = NO;
				GCC_NO_COMMON_BLOCKS = YES;
				GCC_OPTIMIZATION_LEVEL = 0;
				GCC_PREPROCESSOR_DEFINITIONS = (
					"DEBUG=1",
					"$(inherited)",
				);
				GCC_WARN_64_TO_32_BIT_CONVERSION = YES;
				GCC_WARN_ABOUT_RETURN_TYPE = YES_ERROR;
				GCC_WARN_UNDECLARED_SELECTOR = YES;
				GCC_WARN_UNINITIALIZED_AUTOS = YES_AGGRESSIVE;
				GCC_WARN_UNUSED_FUNCTION = YES;
				GCC_WARN_UNUSED_VARIABLE = YES;
				IPHONEOS_DEPLOYMENT_TARGET = 13.2;
				MTL_ENABLE_DEBUG_INFO = INCLUDE_SOURCE;
				MTL_FAST_MATH = YES;
				ONLY_ACTIVE_ARCH = YES;
				SDKROOT = iphoneos;
			};
			name = Debug;
		};
		D0AA2CBA2414094C0041B3C1 /* Release */ = {
			isa = XCBuildConfiguration;
			buildSettings = {
				ALWAYS_SEARCH_USER_PATHS = NO;
				CLANG_ANALYZER_NONNULL = YES;
				CLANG_ANALYZER_NUMBER_OBJECT_CONVERSION = YES_AGGRESSIVE;
				CLANG_CXX_LANGUAGE_STANDARD = "gnu++14";
				CLANG_CXX_LIBRARY = "libc++";
				CLANG_ENABLE_MODULES = YES;
				CLANG_ENABLE_OBJC_ARC = YES;
				CLANG_ENABLE_OBJC_WEAK = YES;
				CLANG_WARN_BLOCK_CAPTURE_AUTORELEASING = YES;
				CLANG_WARN_BOOL_CONVERSION = YES;
				CLANG_WARN_COMMA = YES;
				CLANG_WARN_CONSTANT_CONVERSION = YES;
				CLANG_WARN_DEPRECATED_OBJC_IMPLEMENTATIONS = YES;
				CLANG_WARN_DIRECT_OBJC_ISA_USAGE = YES_ERROR;
				CLANG_WARN_DOCUMENTATION_COMMENTS = YES;
				CLANG_WARN_EMPTY_BODY = YES;
				CLANG_WARN_ENUM_CONVERSION = YES;
				CLANG_WARN_INFINITE_RECURSION = YES;
				CLANG_WARN_INT_CONVERSION = YES;
				CLANG_WARN_NON_LITERAL_NULL_CONVERSION = YES;
				CLANG_WARN_OBJC_IMPLICIT_RETAIN_SELF = YES;
				CLANG_WARN_OBJC_LITERAL_CONVERSION = YES;
				CLANG_WARN_OBJC_ROOT_CLASS = YES_ERROR;
				CLANG_WARN_RANGE_LOOP_ANALYSIS = YES;
				CLANG_WARN_STRICT_PROTOTYPES = YES;
				CLANG_WARN_SUSPICIOUS_MOVE = YES;
				CLANG_WARN_UNGUARDED_AVAILABILITY = YES_AGGRESSIVE;
				CLANG_WARN_UNREACHABLE_CODE = YES;
				CLANG_WARN__DUPLICATE_METHOD_MATCH = YES;
				COPY_PHASE_STRIP = NO;
				DEBUG_INFORMATION_FORMAT = "dwarf-with-dsym";
				ENABLE_NS_ASSERTIONS = NO;
				ENABLE_STRICT_OBJC_MSGSEND = YES;
				GCC_C_LANGUAGE_STANDARD = gnu11;
				GCC_NO_COMMON_BLOCKS = YES;
				GCC_WARN_64_TO_32_BIT_CONVERSION = YES;
				GCC_WARN_ABOUT_RETURN_TYPE = YES_ERROR;
				GCC_WARN_UNDECLARED_SELECTOR = YES;
				GCC_WARN_UNINITIALIZED_AUTOS = YES_AGGRESSIVE;
				GCC_WARN_UNUSED_FUNCTION = YES;
				GCC_WARN_UNUSED_VARIABLE = YES;
				IPHONEOS_DEPLOYMENT_TARGET = 13.2;
				MTL_ENABLE_DEBUG_INFO = NO;
				MTL_FAST_MATH = YES;
				SDKROOT = iphoneos;
				VALIDATE_PRODUCT = YES;
			};
			name = Release;
		};
		D0AA2CBC2414094C0041B3C1 /* Debug */ = {
			isa = XCBuildConfiguration;
			buildSettings = {
				ASSETCATALOG_COMPILER_APPICON_NAME = AppIcon;
				CODE_SIGN_STYLE = Automatic;
				DEVELOPMENT_TEAM = FUS7NVY2CP;
				INFOPLIST_FILE = "Tic-Tac-Toe/Info.plist";
				LD_RUNPATH_SEARCH_PATHS = (
					"$(inherited)",
					"@executable_path/Frameworks",
				);
				PRODUCT_BUNDLE_IDENTIFIER = "io.iLtc.Tic-Tac-Toe";
				PRODUCT_NAME = "$(TARGET_NAME)";
				TARGETED_DEVICE_FAMILY = "1,2";
			};
			name = Debug;
		};
		D0AA2CBD2414094C0041B3C1 /* Release */ = {
			isa = XCBuildConfiguration;
			buildSettings = {
				ASSETCATALOG_COMPILER_APPICON_NAME = AppIcon;
				CODE_SIGN_STYLE = Automatic;
				DEVELOPMENT_TEAM = FUS7NVY2CP;
				INFOPLIST_FILE = "Tic-Tac-Toe/Info.plist";
				LD_RUNPATH_SEARCH_PATHS = (
					"$(inherited)",
					"@executable_path/Frameworks",
				);
				PRODUCT_BUNDLE_IDENTIFIER = "io.iLtc.Tic-Tac-Toe";
				PRODUCT_NAME = "$(TARGET_NAME)";
				TARGETED_DEVICE_FAMILY = "1,2";
			};
			name = Release;
		};
/* End XCBuildConfiguration section */

/* Begin XCConfigurationList section */
		D0AA2C9D2414094B0041B3C1 /* Build configuration list for PBXProject "Tic-Tac-Toe" */ = {
			isa = XCConfigurationList;
			buildConfigurations = (
				D0AA2CB92414094C0041B3C1 /* Debug */,
				D0AA2CBA2414094C0041B3C1 /* Release */,
			);
			defaultConfigurationIsVisible = 0;
			defaultConfigurationName = Release;
		};
		D0AA2CBB2414094C0041B3C1 /* Build configuration list for PBXNativeTarget "Tic-Tac-Toe" */ = {
			isa = XCConfigurationList;
			buildConfigurations = (
				D0AA2CBC2414094C0041B3C1 /* Debug */,
				D0AA2CBD2414094C0041B3C1 /* Release */,
			);
			defaultConfigurationIsVisible = 0;
			defaultConfigurationName = Release;
		};
/* End XCConfigurationList section */
	};
	rootObject = D0AA2C9A2414094B0041B3C1 /* Project object */;
}
